
Microsoft Visual Studio Solution File, Format Version 12.00
# Visual Studio Version 17
VisualStudioVersion = 17.5.33530.505
MinimumVisualStudioVersion = 10.0.40219.1
Project("{FAE04EC0-301F-11D3-BF4B-00C04F79EFBC}") = "ConsoleApp2", "ConsoleApp2\ConsoleApp2.csproj", "{A3119BCA-0109-4918-9250-A61DFCA9F073}"
EndProject
Global
	GlobalSection(SolutionConfigurationPlatforms) = preSolution
		Debug|Any CPU = Debug|Any CPU
		Release|Any CPU = Release|Any CPU
	EndGlobalSection
	GlobalSection(ProjectConfigurationPlatforms) = postSolution
		{A3119BCA-0109-4918-9250-A61DFCA9F073}.Debug|Any CPU.ActiveCfg = Debug|Any CPU
		{A3119BCA-0109-4918-9250-A61DFCA9F073}.Debug|Any CPU.Build.0 = Debug|Any CPU
		{A3119BCA-0109-4918-9250-A61DFCA9F073}.Release|Any CPU.ActiveCfg = Release|Any CPU
		{A3119BCA-0109-4918-9250-A61DFCA9F073}.Release|Any CPU.Build.0 = Release|Any CPU
	EndGlobalSection
	GlobalSection(SolutionProperties) = preSolution
		HideSolutionNode = FALSE
	EndGlobalSection
	GlobalSection(ExtensibilityGlobals) = postSolution
		SolutionGuid = {E6261C9E-32BB-4CCD-9756-9CBB9A9478E4}
	EndGlobalSection
EndGlobal
